
Microsoft Visual Studio Solution File, Format Version 12.00
# Visual Studio 14
VisualStudioVersion = 14.0.25420.1
MinimumVisualStudioVersion = 10.0.40219.1
Project("{FAE04EC0-301F-11D3-BF4B-00C04F79EFBC}") = "GamingSystemApp", "GamingSystemApp\GamingSystemApp.csproj", "{A46BB4B1-17DC-421A-B9B5-E1D640889A20}"
EndProject
Project("{FAE04EC0-301F-11D3-BF4B-00C04F79EFBC}") = "ScoreManagerLibrary", "ScoreManagerLIbrary\ScoreManagerLibrary.csproj", "{EB48166D-CD9E-4E95-B16B-22322594A2A1}"
EndProject
Global
	GlobalSection(SolutionConfigurationPlatforms) = preSolution
		Debug|Any CPU = Debug|Any CPU
		Release|Any CPU = Release|Any CPU
	EndGlobalSection
	GlobalSection(ProjectConfigurationPlatforms) = postSolution
		{A46BB4B1-17DC-421A-B9B5-E1D640889A20}.Debug|Any CPU.ActiveCfg = Debug|Any CPU
		{A46BB4B1-17DC-421A-B9B5-E1D640889A20}.Debug|Any CPU.Build.0 = Debug|Any CPU
		{A46BB4B1-17DC-421A-B9B5-E1D640889A20}.Release|Any CPU.ActiveCfg = Release|Any CPU
		{A46BB4B1-17DC-421A-B9B5-E1D640889A20}.Release|Any CPU.Build.0 = Release|Any CPU
		{EB48166D-CD9E-4E95-B16B-22322594A2A1}.Debug|Any CPU.ActiveCfg = Debug|Any CPU
		{EB48166D-CD9E-4E95-B16B-22322594A2A1}.Debug|Any CPU.Build.0 = Debug|Any CPU
		{EB48166D-CD9E-4E95-B16B-22322594A2A1}.Release|Any CPU.ActiveCfg = Release|Any CPU
		{EB48166D-CD9E-4E95-B16B-22322594A2A1}.Release|Any CPU.Build.0 = Release|Any CPU
	EndGlobalSection
	GlobalSection(SolutionProperties) = preSolution
		HideSolutionNode = FALSE
	EndGlobalSection
EndGlobal
